PODS:
  - firebase_ai (3.10.0):
    - FlutterMacOS
  - FlutterMacOS (1.0.0)
  - passkeys_darwin (0.0.1):
    - Flutter
    - FlutterMacOS
  - screen_retriever_macos (0.0.1):
    - FlutterMacOS
  - ua_client_hints (1.7.0):
    - FlutterMacOS

DEPENDENCIES:
  - firebase_ai (from `Flutter/ephemeral/.symlinks/plugins/firebase_ai/macos`)
  - FlutterMacOS (from `Flutter/ephemeral`)
  - passkeys_darwin (from `Flutter/ephemeral/.symlinks/plugins/passkeys_darwin/darwin`)
  - screen_retriever_macos (from `Flutter/ephemeral/.symlinks/plugins/screen_retriever_macos/macos`)
  - ua_client_hints (from `Flutter/ephemeral/.symlinks/plugins/ua_client_hints/macos`)

EXTERNAL SOURCES:
  firebase_ai:
    :path: Flutter/ephemeral/.symlinks/plugins/firebase_ai/macos
  FlutterMacOS:
    :path: Flutter/ephemeral
  passkeys_darwin:
    :path: Flutter/ephemeral/.symlinks/plugins/passkeys_darwin/darwin
  screen_retriever_macos:
    :path: Flutter/ephemeral/.symlinks/plugins/screen_retriever_macos/macos
  ua_client_hints:
    :path: Flutter/ephemeral/.symlinks/plugins/ua_client_hints/macos

SPEC CHECKSUMS:
  firebase_ai: 06132fc2e250706e325426f330a30e832418b57e
  FlutterMacOS: d0db08ddef1a9af05a5ec4b724367152bb0500b1
  passkeys_darwin: 0a09d3b26cea8de1ec3bb8f8c7c159981f63bbc7
  screen_retriever_macos: 452e51764a9e1cdb74b3c541238795849f21557f
  ua_client_hints: bb84da85d9d5d605d40598b3c1ae3bfd2598e201

PODFILE CHECKSUM: 267f316c825d893e514caf3ff48f1042d9755925

COCOAPODS: 1.16.2
