PODS:
  - firebase_ai (3.10.0):
    - Flutter
  - Flutter (1.0.0)
  - passkeys_darwin (0.0.1):
    - Flutter
    - FlutterMacOS

DEPENDENCIES:
  - firebase_ai (from `.symlinks/plugins/firebase_ai/ios`)
  - Flutter (from `Flutter`)
  - passkeys_darwin (from `.symlinks/plugins/passkeys_darwin/darwin`)

EXTERNAL SOURCES:
  firebase_ai:
    :path: ".symlinks/plugins/firebase_ai/ios"
  Flutter:
    :path: Flutter
  passkeys_darwin:
    :path: ".symlinks/plugins/passkeys_darwin/darwin"

SPEC CHECKSUMS:
  firebase_ai: db3e09570a9e9456d1c01c48c63fed46b770f511
  Flutter: cabc95a1d2626b1b06e7179b784ebcf0c0cde467
  passkeys_darwin: 0a09d3b26cea8de1ec3bb8f8c7c159981f63bbc7

PODFILE CHECKSUM: 53a6aebc29ccee84c41f92f409fc20cd4ca011f1

COCOAPODS: 1.16.2
